
Microsoft Visual Studio Solution File, Format Version 12.00
# Visual Studio Version 17
VisualStudioVersion = 17.2.32526.322
MinimumVisualStudioVersion = 10.0.40219.1
Project("{FAE04EC0-301F-11D3-BF4B-00C04F79EFBC}") = "PocketQuest", "PocketQuest\PocketQuest.csproj", "{AEEA4366-31D2-4E40-BBF0-D0A793C85D7D}"
EndProject
Global
	GlobalSection(SolutionConfigurationPlatforms) = preSolution
		Debug|Any CPU = Debug|Any CPU
		Release|Any CPU = Release|Any CPU
	EndGlobalSection
	GlobalSection(ProjectConfigurationPlatforms) = postSolution
		{AEEA4366-31D2-4E40-BBF0-D0A793C85D7D}.Debug|Any CPU.ActiveCfg = Debug|Any CPU
		{AEEA4366-31D2-4E40-BBF0-D0A793C85D7D}.Debug|Any CPU.Build.0 = Debug|Any CPU
		{AEEA4366-31D2-4E40-BBF0-D0A793C85D7D}.Release|Any CPU.ActiveCfg = Release|Any CPU
		{AEEA4366-31D2-4E40-BBF0-D0A793C85D7D}.Release|Any CPU.Build.0 = Release|Any CPU
	EndGlobalSection
	GlobalSection(SolutionProperties) = preSolution
		HideSolutionNode = FALSE
	EndGlobalSection
	GlobalSection(ExtensibilityGlobals) = postSolution
		SolutionGuid = {B7061603-0F81-44DB-BAC0-4D65DB05C500}
	EndGlobalSection
EndGlobal
